// !$*UTF8*$!
{
	archiveVersion = 1;
	classes = {
	};
	objectVersion = 50;
	objects = {

/* Begin PBXBuildFile section */
		A7256ED523593C5C00EFFC36 /* DarkModeSummaryTableViewController.swift in Sources */ = {isa = PBXBuildFile; fileRef = A7256ED423593C5C00EFFC36 /* DarkModeSummaryTableViewController.swift */; };
		A7256ED7235943D400EFFC36 /* BorderView.swift in Sources */ = {isa = PBXBuildFile; fileRef = A7256ED6235943D400EFFC36 /* BorderView.swift */; };
		A7256ED923594FED00EFFC36 /* DynamicColorView.swift in Sources */ = {isa = PBXBuildFile; fileRef = A7256ED823594FED00EFFC36 /* DynamicColorView.swift */; };
		A7256EDB235953B000EFFC36 /* ElevationView.swift in Sources */ = {isa = PBXBuildFile; fileRef = A7256EDA235953B000EFFC36 /* ElevationView.swift */; };
		A7B0259222E743110022DAB7 /* AppDelegate.swift in Sources */ = {isa = PBXBuildFile; fileRef = A7B0259122E743110022DAB7 /* AppDelegate.swift */; };
		A7B0259422E743110022DAB7 /* SceneDelegate.swift in Sources */ = {isa = PBXBuildFile; fileRef = A7B0259322E743110022DAB7 /* SceneDelegate.swift */; };
		A7B0259922E743110022DAB7 /* Main.storyboard in Resources */ = {isa = PBXBuildFile; fileRef = A7B0259722E743110022DAB7 /* Main.storyboard */; };
		A7B0259B22E743120022DAB7 /* Assets.xcassets in Resources */ = {isa = PBXBuildFile; fileRef = A7B0259A22E743120022DAB7 /* Assets.xcassets */; };
		A7B0259E22E743120022DAB7 /* LaunchScreen.storyboard in Resources */ = {isa = PBXBuildFile; fileRef = A7B0259C22E743120022DAB7 /* LaunchScreen.storyboard */; };
		A7B025A622E745020022DAB7 /* SystemColor.swift in Sources */ = {isa = PBXBuildFile; fileRef = A7B025A522E745020022DAB7 /* SystemColor.swift */; };
		A7B025AA22E7469B0022DAB7 /* SystemColorTableViewController.swift in Sources */ = {isa = PBXBuildFile; fileRef = A7B025A922E7469B0022DAB7 /* SystemColorTableViewController.swift */; };
/* End PBXBuildFile section */

/* Begin PBXFileReference section */
		A7256ED423593C5C00EFFC36 /* DarkModeSummaryTableViewController.swift */ = {isa = PBXFileReference; lastKnownFileType = sourcecode.swift; path = DarkModeSummaryTableViewController.swift; sourceTree = "<group>"; };
		A7256ED6235943D400EFFC36 /* BorderView.swift */ = {isa = PBXFileReference; lastKnownFileType = sourcecode.swift; path = BorderView.swift; sourceTree = "<group>"; };
		A7256ED823594FED00EFFC36 /* DynamicColorView.swift */ = {isa = PBXFileReference; lastKnownFileType = sourcecode.swift; path = DynamicColorView.swift; sourceTree = "<group>"; };
		A7256EDA235953B000EFFC36 /* ElevationView.swift */ = {isa = PBXFileReference; lastKnownFileType = sourcecode.swift; path = ElevationView.swift; sourceTree = "<group>"; };
		A7B0258E22E743110022DAB7 /* Dark Mode.app */ = {isa = PBXFileReference; explicitFileType = wrapper.application; includeInIndex = 0; path = "Dark Mode.app"; sourceTree = BUILT_PRODUCTS_DIR; };
		A7B0259122E743110022DAB7 /* AppDelegate.swift */ = {isa = PBXFileReference; lastKnownFileType = sourcecode.swift; path = AppDelegate.swift; sourceTree = "<group>"; };
		A7B0259322E743110022DAB7 /* SceneDelegate.swift */ = {isa = PBXFileReference; lastKnownFileType = sourcecode.swift; path = SceneDelegate.swift; sourceTree = "<group>"; };
		A7B0259822E743110022DAB7 /* Base */ = {isa = PBXFileReference; lastKnownFileType = file.storyboard; name = Base; path = Base.lproj/Main.storyboard; sourceTree = "<group>"; };
		A7B0259A22E743120022DAB7 /* Assets.xcassets */ = {isa = PBXFileReference; lastKnownFileType = folder.assetcatalog; path = Assets.xcassets; sourceTree = "<group>"; };
		A7B0259D22E743120022DAB7 /* Base */ = {isa = PBXFileReference; lastKnownFileType = file.storyboard; name = Base; path = Base.lproj/LaunchScreen.storyboard; sourceTree = "<group>"; };
		A7B0259F22E743120022DAB7 /* Info.plist */ = {isa = PBXFileReference; lastKnownFileType = text.plist.xml; path = Info.plist; sourceTree = "<group>"; };
		A7B025A522E745020022DAB7 /* SystemColor.swift */ = {isa = PBXFileReference; lastKnownFileType = sourcecode.swift; path = SystemColor.swift; sourceTree = "<group>"; };
		A7B025A922E7469B0022DAB7 /* SystemColorTableViewController.swift */ = {isa = PBXFileReference; lastKnownFileType = sourcecode.swift; path = SystemColorTableViewController.swift; sourceTree = "<group>"; };
/* End PBXFileReference section */

/* Begin PBXFrameworksBuildPhase section */
		A7B0258B22E743110022DAB7 /* Frameworks */ = {
			isa = PBXFrameworksBuildPhase;
			buildActionMask = 2147483647;
			files = (
			);
			runOnlyForDeploymentPostprocessing = 0;
		};
/* End PBXFrameworksBuildPhase section */

/* Begin PBXGroup section */
		A7256EDC2359576400EFFC36 /* Custom Views */ = {
			isa = PBXGroup;
			children = (
				A7256ED823594FED00EFFC36 /* DynamicColorView.swift */,
				A7256ED6235943D400EFFC36 /* BorderView.swift */,
				A7256EDA235953B000EFFC36 /* ElevationView.swift */,
			);
			path = "Custom Views";
			sourceTree = "<group>";
		};
		A7256EDD23595F9C00EFFC36 /* Controllers */ = {
			isa = PBXGroup;
			children = (
				A7256ED423593C5C00EFFC36 /* DarkModeSummaryTableViewController.swift */,
				A7B025A922E7469B0022DAB7 /* SystemColorTableViewController.swift */,
			);
			path = Controllers;
			sourceTree = "<group>";
		};
		A7256EDE23595FA600EFFC36 /* Models */ = {
			isa = PBXGroup;
			children = (
				A7B025A522E745020022DAB7 /* SystemColor.swift */,
			);
			path = Models;
			sourceTree = "<group>";
		};
		A7B0258522E743110022DAB7 = {
			isa = PBXGroup;
			children = (
				A7B0259022E743110022DAB7 /* SystemColors */,
				A7B0258F22E743110022DAB7 /* Products */,
			);
			sourceTree = "<group>";
		};
		A7B0258F22E743110022DAB7 /* Products */ = {
			isa = PBXGroup;
			children = (
				A7B0258E22E743110022DAB7 /* Dark Mode.app */,
			);
			name = Products;
			sourceTree = "<group>";
		};
		A7B0259022E743110022DAB7 /* SystemColors */ = {
			isa = PBXGroup;
			children = (
				A7B0259122E743110022DAB7 /* AppDelegate.swift */,
				A7B0259322E743110022DAB7 /* SceneDelegate.swift */,
				A7B0259722E743110022DAB7 /* Main.storyboard */,
				A7256EDD23595F9C00EFFC36 /* Controllers */,
				A7256EDC2359576400EFFC36 /* Custom Views */,
				A7256EDE23595FA600EFFC36 /* Models */,
				A7B0259A22E743120022DAB7 /* Assets.xcassets */,
				A7B0259C22E743120022DAB7 /* LaunchScreen.storyboard */,
				A7B0259F22E743120022DAB7 /* Info.plist */,
			);
			path = SystemColors;
			sourceTree = "<group>";
		};
/* End PBXGroup section */

/* Begin PBXNativeTarget section */
		A7B0258D22E743110022DAB7 /* SystemColors */ = {
			isa = PBXNativeTarget;
			buildConfigurationList = A7B025A222E743120022DAB7 /* Build configuration list for PBXNativeTarget "SystemColors" */;
			buildPhases = (
				A7B0258A22E743110022DAB7 /* Sources */,
				A7B0258B22E743110022DAB7 /* Frameworks */,
				A7B0258C22E743110022DAB7 /* Resources */,
			);
			buildRules = (
			);
			dependencies = (
			);
			name = SystemColors;
			productName = SystemColors;
			productReference = A7B0258E22E743110022DAB7 /* Dark Mode.app */;
			productType = "com.apple.product-type.application";
		};
/* End PBXNativeTarget section */

/* Begin PBXProject section */
		A7B0258622E743110022DAB7 /* Project object */ = {
			isa = PBXProject;
			attributes = {
				LastSwiftUpdateCheck = 1100;
				LastUpgradeCheck = 1100;
				ORGANIZATIONNAME = "Leonardo Oliveira";
				TargetAttributes = {
					A7B0258D22E743110022DAB7 = {
						CreatedOnToolsVersion = 11.0;
					};
				};
			};
			buildConfigurationList = A7B0258922E743110022DAB7 /* Build configuration list for PBXProject "SystemColors" */;
			compatibilityVersion = "Xcode 9.3";
			developmentRegion = en;
			hasScannedForEncodings = 0;
			knownRegions = (
				en,
				Base,
			);
			mainGroup = A7B0258522E743110022DAB7;
			productRefGroup = A7B0258F22E743110022DAB7 /* Products */;
			projectDirPath = "";
			projectRoot = "";
			targets = (
				A7B0258D22E743110022DAB7 /* SystemColors */,
			);
		};
/* End PBXProject section */

/* Begin PBXResourcesBuildPhase section */
		A7B0258C22E743110022DAB7 /* Resources */ = {
			isa = PBXResourcesBuildPhase;
			buildActionMask = 2147483647;
			files = (
				A7B0259E22E743120022DAB7 /* LaunchScreen.storyboard in Resources */,
				A7B0259B22E743120022DAB7 /* Assets.xcassets in Resources */,
				A7B0259922E743110022DAB7 /* Main.storyboard in Resources */,
			);
			runOnlyForDeploymentPostprocessing = 0;
		};
/* End PBXResourcesBuildPhase section */

/* Begin PBXSourcesBuildPhase section */
		A7B0258A22E743110022DAB7 /* Sources */ = {
			isa = PBXSourcesBuildPhase;
			buildActionMask = 2147483647;
			files = (
				A7256EDB235953B000EFFC36 /* ElevationView.swift in Sources */,
				A7B0259222E743110022DAB7 /* AppDelegate.swift in Sources */,
				A7256ED923594FED00EFFC36 /* DynamicColorView.swift in Sources */,
				A7B0259422E743110022DAB7 /* SceneDelegate.swift in Sources */,
				A7B025AA22E7469B0022DAB7 /* SystemColorTableViewController.swift in Sources */,
				A7B025A622E745020022DAB7 /* SystemColor.swift in Sources */,
				A7256ED7235943D400EFFC36 /* BorderView.swift in Sources */,
				A7256ED523593C5C00EFFC36 /* DarkModeSummaryTableViewController.swift in Sources */,
			);
			runOnlyForDeploymentPostprocessing = 0;
		};
/* End PBXSourcesBuildPhase section */

/* Begin PBXVariantGroup section */
		A7B0259722E743110022DAB7 /* Main.storyboard */ = {
			isa = PBXVariantGroup;
			children = (
				A7B0259822E743110022DAB7 /* Base */,
			);
			name = Main.storyboard;
			sourceTree = "<group>";
		};
		A7B0259C22E743120022DAB7 /* LaunchScreen.storyboard */ = {
			isa = PBXVariantGroup;
			children = (
				A7B0259D22E743120022DAB7 /* Base */,
			);
			name = LaunchScreen.storyboard;
			sourceTree = "<group>";
		};
/* End PBXVariantGroup section */

/* Begin XCBuildConfiguration section */
		A7B025A022E743120022DAB7 /* Debug */ = {
			isa = XCBuildConfiguration;
			buildSettings = {
				ALWAYS_SEARCH_USER_PATHS = NO;
				CLANG_ANALYZER_NONNULL = YES;
				CLANG_ANALYZER_NUMBER_OBJECT_CONVERSION = YES_AGGRESSIVE;
				CLANG_CXX_LANGUAGE_STANDARD = "gnu++14";
				CLANG_CXX_LIBRARY = "libc++";
				CLANG_ENABLE_MODULES = YES;
				CLANG_ENABLE_OBJC_ARC = YES;
				CLANG_ENABLE_OBJC_WEAK = YES;
				CLANG_WARN_BLOCK_CAPTURE_AUTORELEASING = YES;
				CLANG_WARN_BOOL_CONVERSION = YES;
				CLANG_WARN_COMMA = YES;
				CLANG_WARN_CONSTANT_CONVERSION = YES;
				CLANG_WARN_DEPRECATED_OBJC_IMPLEMENTATIONS = YES;
				CLANG_WARN_DIRECT_OBJC_ISA_USAGE = YES_ERROR;
				CLANG_WARN_DOCUMENTATION_COMMENTS = YES;
				CLANG_WARN_EMPTY_BODY = YES;
				CLANG_WARN_ENUM_CONVERSION = YES;
				CLANG_WARN_INFINITE_RECURSION = YES;
				CLANG_WARN_INT_CONVERSION = YES;
				CLANG_WARN_NON_LITERAL_NULL_CONVERSION = YES;
				CLANG_WARN_OBJC_IMPLICIT_RETAIN_SELF = YES;
				CLANG_WARN_OBJC_LITERAL_CONVERSION = YES;
				CLANG_WARN_OBJC_ROOT_CLASS = YES_ERROR;
				CLANG_WARN_RANGE_LOOP_ANALYSIS = YES;
				CLANG_WARN_STRICT_PROTOTYPES = YES;
				CLANG_WARN_SUSPICIOUS_MOVE = YES;
				CLANG_WARN_UNGUARDED_AVAILABILITY = YES_AGGRESSIVE;
				CLANG_WARN_UNREACHABLE_CODE = YES;
				CLANG_WARN__DUPLICATE_METHOD_MATCH = YES;
				COPY_PHASE_STRIP = NO;
				DEBUG_INFORMATION_FORMAT = dwarf;
				ENABLE_STRICT_OBJC_MSGSEND = YES;
				ENABLE_TESTABILITY = YES;
				GCC_C_LANGUAGE_STANDARD = gnu11;
				GCC_DYNAMIC_NO_PIC = NO;
				GCC_NO_COMMON_BLOCKS = YES;
				GCC_OPTIMIZATION_LEVEL = 0;
				GCC_PREPROCESSOR_DEFINITIONS = (
					"DEBUG=1",
					"$(inherited)",
				);
				GCC_WARN_64_TO_32_BIT_CONVERSION = YES;
				GCC_WARN_ABOUT_RETURN_TYPE = YES_ERROR;
				GCC_WARN_UNDECLARED_SELECTOR = YES;
				GCC_WARN_UNINITIALIZED_AUTOS = YES_AGGRESSIVE;
				GCC_WARN_UNUSED_FUNCTION = YES;
				GCC_WARN_UNUSED_VARIABLE = YES;
				IPHONEOS_DEPLOYMENT_TARGET = 13.0;
				MTL_ENABLE_DEBUG_INFO = INCLUDE_SOURCE;
				MTL_FAST_MATH = YES;
				ONLY_ACTIVE_ARCH = YES;
				SDKROOT = iphoneos;
				SWIFT_ACTIVE_COMPILATION_CONDITIONS = DEBUG;
				SWIFT_OPTIMIZATION_LEVEL = "-Onone";
			};
			name = Debug;
		};
		A7B025A122E743120022DAB7 /* Release */ = {
			isa = XCBuildConfiguration;
			buildSettings = {
				ALWAYS_SEARCH_USER_PATHS = NO;
				CLANG_ANALYZER_NONNULL = YES;
				CLANG_ANALYZER_NUMBER_OBJECT_CONVERSION = YES_AGGRESSIVE;
				CLANG_CXX_LANGUAGE_STANDARD = "gnu++14";
				CLANG_CXX_LIBRARY = "libc++";
				CLANG_ENABLE_MODULES = YES;
				CLANG_ENABLE_OBJC_ARC = YES;
				CLANG_ENABLE_OBJC_WEAK = YES;
				CLANG_WARN_BLOCK_CAPTURE_AUTORELEASING = YES;
				CLANG_WARN_BOOL_CONVERSION = YES;
				CLANG_WARN_COMMA = YES;
				CLANG_WARN_CONSTANT_CONVERSION = YES;
				CLANG_WARN_DEPRECATED_OBJC_IMPLEMENTATIONS = YES;
				CLANG_WARN_DIRECT_OBJC_ISA_USAGE = YES_ERROR;
				CLANG_WARN_DOCUMENTATION_COMMENTS = YES;
				CLANG_WARN_EMPTY_BODY = YES;
				CLANG_WARN_ENUM_CONVERSION = YES;
				CLANG_WARN_INFINITE_RECURSION = YES;
				CLANG_WARN_INT_CONVERSION = YES;
				CLANG_WARN_NON_LITERAL_NULL_CONVERSION = YES;
				CLANG_WARN_OBJC_IMPLICIT_RETAIN_SELF = YES;
				CLANG_WARN_OBJC_LITERAL_CONVERSION = YES;
				CLANG_WARN_OBJC_ROOT_CLASS = YES_ERROR;
				CLANG_WARN_RANGE_LOOP_ANALYSIS = YES;
				CLANG_WARN_STRICT_PROTOTYPES = YES;
				CLANG_WARN_SUSPICIOUS_MOVE = YES;
				CLANG_WARN_UNGUARDED_AVAILABILITY = YES_AGGRESSIVE;
				CLANG_WARN_UNREACHABLE_CODE = YES;
				CLANG_WARN__DUPLICATE_METHOD_MATCH = YES;
				COPY_PHASE_STRIP = NO;
				DEBUG_INFORMATION_FORMAT = "dwarf-with-dsym";
				ENABLE_NS_ASSERTIONS = NO;
				ENABLE_STRICT_OBJC_MSGSEND = YES;
				GCC_C_LANGUAGE_STANDARD = gnu11;
				GCC_NO_COMMON_BLOCKS = YES;
				GCC_WARN_64_TO_32_BIT_CONVERSION = YES;
				GCC_WARN_ABOUT_RETURN_TYPE = YES_ERROR;
				GCC_WARN_UNDECLARED_SELECTOR = YES;
				GCC_WARN_UNINITIALIZED_AUTOS = YES_AGGRESSIVE;
				GCC_WARN_UNUSED_FUNCTION = YES;
				GCC_WARN_UNUSED_VARIABLE = YES;
				IPHONEOS_DEPLOYMENT_TARGET = 13.0;
				MTL_ENABLE_DEBUG_INFO = NO;
				MTL_FAST_MATH = YES;
				SDKROOT = iphoneos;
				SWIFT_COMPILATION_MODE = wholemodule;
				SWIFT_OPTIMIZATION_LEVEL = "-O";
				VALIDATE_PRODUCT = YES;
			};
			name = Release;
		};
		A7B025A322E743120022DAB7 /* Debug */ = {
			isa = XCBuildConfiguration;
			buildSettings = {
				ASSETCATALOG_COMPILER_APPICON_NAME = AppIcon;
				CODE_SIGN_STYLE = Automatic;
				DEVELOPMENT_TEAM = GX3ZT26ZRR;
				INFOPLIST_FILE = SystemColors/Info.plist;
				LD_RUNPATH_SEARCH_PATHS = (
					"$(inherited)",
					"@executable_path/Frameworks",
				);
				PRODUCT_BUNDLE_IDENTIFIER = com.leonardo.oliveira.SystemColors;
				PRODUCT_NAME = "Dark Mode";
				SWIFT_VERSION = 5.0;
				TARGETED_DEVICE_FAMILY = "1,2";
			};
			name = Debug;
		};
		A7B025A422E743120022DAB7 /* Release */ = {
			isa = XCBuildConfiguration;
			buildSettings = {
				ASSETCATALOG_COMPILER_APPICON_NAME = AppIcon;
				CODE_SIGN_STYLE = Automatic;
				DEVELOPMENT_TEAM = GX3ZT26ZRR;
				INFOPLIST_FILE = SystemColors/Info.plist;
				LD_RUNPATH_SEARCH_PATHS = (
					"$(inherited)",
					"@executable_path/Frameworks",
				);
				PRODUCT_BUNDLE_IDENTIFIER = com.leonardo.oliveira.SystemColors;
				PRODUCT_NAME = "Dark Mode";
				SWIFT_VERSION = 5.0;
				TARGETED_DEVICE_FAMILY = "1,2";
			};
			name = Release;
		};
/* End XCBuildConfiguration section */

/* Begin XCConfigurationList section */
		A7B0258922E743110022DAB7 /* Build configuration list for PBXProject "SystemColors" */ = {
			isa = XCConfigurationList;
			buildConfigurations = (
				A7B025A022E743120022DAB7 /* Debug */,
				A7B025A122E743120022DAB7 /* Release */,
			);
			defaultConfigurationIsVisible = 0;
			defaultConfigurationName = Release;
		};
		A7B025A222E743120022DAB7 /* Build configuration list for PBXNativeTarget "SystemColors" */ = {
			isa = XCConfigurationList;
			buildConfigurations = (
				A7B025A322E743120022DAB7 /* Debug */,
				A7B025A422E743120022DAB7 /* Release */,
			);
			defaultConfigurationIsVisible = 0;
			defaultConfigurationName = Release;
		};
/* End XCConfigurationList section */
	};
	rootObject = A7B0258622E743110022DAB7 /* Project object */;
}
